
Microsoft Visual Studio Solution File, Format Version 12.00
# Visual Studio 15
VisualStudioVersion = 15.0.28307.136
MinimumVisualStudioVersion = 10.0.40219.1
Project("{FAE04EC0-301F-11D3-BF4B-00C04F79EFBC}") = "MarkdownImageFix", "MarkdownImageFix.csproj", "{197A0E40-7E40-470B-9D01-654A6250DC44}"
EndProject
Global
	GlobalSection(SolutionConfigurationPlatforms) = preSolution
		Debug|Any CPU = Debug|Any CPU
		Release|Any CPU = Release|Any CPU
	EndGlobalSection
	GlobalSection(ProjectConfigurationPlatforms) = postSolution
		{197A0E40-7E40-470B-9D01-654A6250DC44}.Debug|Any CPU.ActiveCfg = Debug|Any CPU
		{197A0E40-7E40-470B-9D01-654A6250DC44}.Debug|Any CPU.Build.0 = Debug|Any CPU
		{197A0E40-7E40-470B-9D01-654A6250DC44}.Release|Any CPU.ActiveCfg = Release|Any CPU
		{197A0E40-7E40-470B-9D01-654A6250DC44}.Release|Any CPU.Build.0 = Release|Any CPU
	EndGlobalSection
	GlobalSection(SolutionProperties) = preSolution
		HideSolutionNode = FALSE
	EndGlobalSection
	GlobalSection(ExtensibilityGlobals) = postSolution
		SolutionGuid = {4AF3CEAD-ED74-4C6C-AE9F-43E2D26057BC}
	EndGlobalSection
EndGlobal
